{
  "name": "lime-template-ssr-frontend",
  "requires": true,
  "lockfileVersion": 1,
  "dependencies": {
    "deepmerge": {
      "version": "3.2.0",
      "resolved": "http://r.tnpm.oa.com/deepmerge/download/deepmerge-3.2.0.tgz",
      "integrity": "sha1-WO9GOlfAjTdlR/iGn9xbzulX9E4="
    },
    "lodash.isplainobject": {
      "version": "4.0.6",
      "resolved": "http://r.tnpm.oa.com/lodash.isplainobject/download/lodash.isplainobject-4.0.6.tgz",
      "integrity": "sha1-fFJqUtibRcRcxpC4gWO+BJf1UMs="
    },
    "lodash.uniqueid": {
      "version": "4.0.1",
      "resolved": "http://r.tnpm.oa.com/lodash.uniqueid/download/lodash.uniqueid-4.0.1.tgz",
      "integrity": "sha1-MmjyanyI5PSxdY1nknGBTjH6WyY="
    },
    "object-assign": {
      "version": "4.1.1",
      "resolved": "http://r.tnpm.oa.com/object-assign/download/object-assign-4.1.1.tgz",
      "integrity": "sha1-IQmtx5ZYh8/AXLvUQsrIv7s2CGM="
    },
    "vue": {
      "version": "2.6.10",
      "resolved": "http://r.tnpm.oa.com/vue/download/vue-2.6.10.tgz",
      "integrity": "sha1-pysaQqTYKnIepDjRtr9V5mGVxjc="
    },
    "vue-meta": {
      "version": "1.6.0",
      "resolved": "http://r.tnpm.oa.com/vue-meta/download/vue-meta-1.6.0.tgz",
      "integrity": "sha1-ibZk9gEaIH4JjoujudMuKcgZtl0=",
      "requires": {
        "deepmerge": "^3.2.0",
        "lodash.isplainobject": "^4.0.6",
        "lodash.uniqueid": "^4.0.1",
        "object-assign": "^4.1.1"
      }
    },
    "vue-router": {
      "version": "3.0.2",
      "resolved": "http://r.tnpm.oa.com/vue-router/download/vue-router-3.0.2.tgz",
      "integrity": "sha1-3txnr+bE4rwlaCyLHCqMDXx+Vr4="
    },
    "vuex": {
      "version": "3.1.0",
      "resolved": "http://r.tnpm.oa.com/vuex/download/vuex-3.1.0.tgz",
      "integrity": "sha1-Y0uBUVzwz+l2vR/+lgF1XlH4Q7k="
    },
    "vuex-router-sync": {
      "version": "5.0.0",
      "resolved": "http://r.tnpm.oa.com/vuex-router-sync/download/vuex-router-sync-5.0.0.tgz",
      "integrity": "sha1-GiJcF6Hdni90rwobLGIHLpSSswU="
    }
  }
}
